
Microsoft Visual Studio Solution File, Format Version 12.00
# Visual Studio Version 16
VisualStudioVersion = 16.0.30406.217
MinimumVisualStudioVersion = 15.0.26124.0
Project("{2150E333-8FDC-42A3-9474-1A3956D46DE8}") = "src", "src", "{3A4CE6D8-0EF8-4EEA-9B3B-BB1C146B6920}"
EndProject
Project("{9A19103F-16F7-4668-BE54-9A1E7A4F7556}") = "AzureServerless.AspNetCore.Api", "src\AzureServerless.AspNetCore.Api\AzureServerless.AspNetCore.Api.csproj", "{5C316926-413D-49A4-84E3-053D2EEDE791}"
EndProject
Project("{2150E333-8FDC-42A3-9474-1A3956D46DE8}") = "Solution Items", "Solution Items", "{636CC2C4-6B48-4586-B8B9-A08381F8078E}"
	ProjectSection(SolutionItems) = preProject
		Dockerfile = Dockerfile
		README.md = README.md
	EndProjectSection
EndProject
Global
	GlobalSection(SolutionConfigurationPlatforms) = preSolution
		Debug|Any CPU = Debug|Any CPU
		Debug|x64 = Debug|x64
		Debug|x86 = Debug|x86
		Release|Any CPU = Release|Any CPU
		Release|x64 = Release|x64
		Release|x86 = Release|x86
	EndGlobalSection
	GlobalSection(ProjectConfigurationPlatforms) = postSolution
		{5C316926-413D-49A4-84E3-053D2EEDE791}.Debug|Any CPU.ActiveCfg = Debug|Any CPU
		{5C316926-413D-49A4-84E3-053D2EEDE791}.Debug|Any CPU.Build.0 = Debug|Any CPU
		{5C316926-413D-49A4-84E3-053D2EEDE791}.Debug|x64.ActiveCfg = Debug|Any CPU
		{5C316926-413D-49A4-84E3-053D2EEDE791}.Debug|x64.Build.0 = Debug|Any CPU
		{5C316926-413D-49A4-84E3-053D2EEDE791}.Debug|x86.ActiveCfg = Debug|Any CPU
		{5C316926-413D-49A4-84E3-053D2EEDE791}.Debug|x86.Build.0 = Debug|Any CPU
		{5C316926-413D-49A4-84E3-053D2EEDE791}.Release|Any CPU.ActiveCfg = Release|Any CPU
		{5C316926-413D-49A4-84E3-053D2EEDE791}.Release|Any CPU.Build.0 = Release|Any CPU
		{5C316926-413D-49A4-84E3-053D2EEDE791}.Release|x64.ActiveCfg = Release|Any CPU
		{5C316926-413D-49A4-84E3-053D2EEDE791}.Release|x64.Build.0 = Release|Any CPU
		{5C316926-413D-49A4-84E3-053D2EEDE791}.Release|x86.ActiveCfg = Release|Any CPU
		{5C316926-413D-49A4-84E3-053D2EEDE791}.Release|x86.Build.0 = Release|Any CPU
	EndGlobalSection
	GlobalSection(SolutionProperties) = preSolution
		HideSolutionNode = FALSE
	EndGlobalSection
	GlobalSection(NestedProjects) = preSolution
		{5C316926-413D-49A4-84E3-053D2EEDE791} = {3A4CE6D8-0EF8-4EEA-9B3B-BB1C146B6920}
	EndGlobalSection
	GlobalSection(ExtensibilityGlobals) = postSolution
		SolutionGuid = {6D2A65F1-E494-48F8-8D1E-9BE47DB7517B}
	EndGlobalSection
EndGlobal
