
Microsoft Visual Studio Solution File, Format Version 12.00
# Visual Studio 15
VisualStudioVersion = 15.0.26124.0
MinimumVisualStudioVersion = 15.0.26124.0
Project("{2150E333-8FDC-42A3-9474-1A3956D46DE8}") = "src", "src", "{143FE239-45D9-4765-A2A6-1A07477EE4B4}"
EndProject
Project("{FAE04EC0-301F-11D3-BF4B-00C04F79EFBC}") = "Azure.Function.HelloWorld.BlobFunction", "src\blob-function\Azure.Function.HelloWorld.BlobFunction.csproj", "{D715E398-F775-49BF-90D3-C24E93B88C1A}"
EndProject
Project("{FAE04EC0-301F-11D3-BF4B-00C04F79EFBC}") = "Azure.Helloworld.Function.BlobWithDI", "src\blob-function-di\Azure.Helloworld.Function.BlobWithDI.csproj", "{8E256271-C8DD-420B-B1B3-0A0DDB821BA2}"
EndProject
Global
	GlobalSection(SolutionConfigurationPlatforms) = preSolution
		Debug|Any CPU = Debug|Any CPU
		Debug|x64 = Debug|x64
		Debug|x86 = Debug|x86
		Release|Any CPU = Release|Any CPU
		Release|x64 = Release|x64
		Release|x86 = Release|x86
	EndGlobalSection
	GlobalSection(SolutionProperties) = preSolution
		HideSolutionNode = FALSE
	EndGlobalSection
	GlobalSection(ProjectConfigurationPlatforms) = postSolution
		{D715E398-F775-49BF-90D3-C24E93B88C1A}.Debug|Any CPU.ActiveCfg = Debug|Any CPU
		{D715E398-F775-49BF-90D3-C24E93B88C1A}.Debug|Any CPU.Build.0 = Debug|Any CPU
		{D715E398-F775-49BF-90D3-C24E93B88C1A}.Debug|x64.ActiveCfg = Debug|Any CPU
		{D715E398-F775-49BF-90D3-C24E93B88C1A}.Debug|x64.Build.0 = Debug|Any CPU
		{D715E398-F775-49BF-90D3-C24E93B88C1A}.Debug|x86.ActiveCfg = Debug|Any CPU
		{D715E398-F775-49BF-90D3-C24E93B88C1A}.Debug|x86.Build.0 = Debug|Any CPU
		{D715E398-F775-49BF-90D3-C24E93B88C1A}.Release|Any CPU.ActiveCfg = Release|Any CPU
		{D715E398-F775-49BF-90D3-C24E93B88C1A}.Release|Any CPU.Build.0 = Release|Any CPU
		{D715E398-F775-49BF-90D3-C24E93B88C1A}.Release|x64.ActiveCfg = Release|Any CPU
		{D715E398-F775-49BF-90D3-C24E93B88C1A}.Release|x64.Build.0 = Release|Any CPU
		{D715E398-F775-49BF-90D3-C24E93B88C1A}.Release|x86.ActiveCfg = Release|Any CPU
		{D715E398-F775-49BF-90D3-C24E93B88C1A}.Release|x86.Build.0 = Release|Any CPU
		{8E256271-C8DD-420B-B1B3-0A0DDB821BA2}.Debug|Any CPU.ActiveCfg = Debug|Any CPU
		{8E256271-C8DD-420B-B1B3-0A0DDB821BA2}.Debug|Any CPU.Build.0 = Debug|Any CPU
		{8E256271-C8DD-420B-B1B3-0A0DDB821BA2}.Debug|x64.ActiveCfg = Debug|Any CPU
		{8E256271-C8DD-420B-B1B3-0A0DDB821BA2}.Debug|x64.Build.0 = Debug|Any CPU
		{8E256271-C8DD-420B-B1B3-0A0DDB821BA2}.Debug|x86.ActiveCfg = Debug|Any CPU
		{8E256271-C8DD-420B-B1B3-0A0DDB821BA2}.Debug|x86.Build.0 = Debug|Any CPU
		{8E256271-C8DD-420B-B1B3-0A0DDB821BA2}.Release|Any CPU.ActiveCfg = Release|Any CPU
		{8E256271-C8DD-420B-B1B3-0A0DDB821BA2}.Release|Any CPU.Build.0 = Release|Any CPU
		{8E256271-C8DD-420B-B1B3-0A0DDB821BA2}.Release|x64.ActiveCfg = Release|Any CPU
		{8E256271-C8DD-420B-B1B3-0A0DDB821BA2}.Release|x64.Build.0 = Release|Any CPU
		{8E256271-C8DD-420B-B1B3-0A0DDB821BA2}.Release|x86.ActiveCfg = Release|Any CPU
		{8E256271-C8DD-420B-B1B3-0A0DDB821BA2}.Release|x86.Build.0 = Release|Any CPU
	EndGlobalSection
	GlobalSection(NestedProjects) = preSolution
		{D715E398-F775-49BF-90D3-C24E93B88C1A} = {143FE239-45D9-4765-A2A6-1A07477EE4B4}
		{8E256271-C8DD-420B-B1B3-0A0DDB821BA2} = {143FE239-45D9-4765-A2A6-1A07477EE4B4}
	EndGlobalSection
EndGlobal
